
Microsoft Visual Studio Solution File, Format Version 12.00
# Visual Studio 2013
VisualStudioVersion = 12.0.31101.0
MinimumVisualStudioVersion = 10.0.40219.1
Project("{FAE04EC0-301F-11D3-BF4B-00C04F79EFBC}") = "Fresh.Core", "Fresh.Core\Fresh.Core.csproj", "{5DF461A8-966A-491D-82AC-7E60C21AFA4B}"
EndProject
Project("{FAE04EC0-301F-11D3-BF4B-00C04F79EFBC}") = "Fresh.Android", "Fresh.Android\Fresh.Android.csproj", "{412CD4FA-B1C1-4757-A14D-6661EA08A575}"
EndProject
Project("{2150E333-8FDC-42A3-9474-1A3956D46DE8}") = ".nuget", ".nuget", "{9101FF97-96E3-46A6-AC70-91F1BD836627}"
	ProjectSection(SolutionItems) = preProject
		.nuget\NuGet.Config = .nuget\NuGet.Config
		.nuget\NuGet.exe = .nuget\NuGet.exe
		.nuget\NuGet.targets = .nuget\NuGet.targets
	EndProjectSection
EndProject
Global
	GlobalSection(SolutionConfigurationPlatforms) = preSolution
		Debug|Any CPU = Debug|Any CPU
		Release|Any CPU = Release|Any CPU
	EndGlobalSection
	GlobalSection(ProjectConfigurationPlatforms) = postSolution
		{5DF461A8-966A-491D-82AC-7E60C21AFA4B}.Debug|Any CPU.ActiveCfg = Debug|Any CPU
		{5DF461A8-966A-491D-82AC-7E60C21AFA4B}.Debug|Any CPU.Build.0 = Debug|Any CPU
		{5DF461A8-966A-491D-82AC-7E60C21AFA4B}.Release|Any CPU.ActiveCfg = Release|Any CPU
		{5DF461A8-966A-491D-82AC-7E60C21AFA4B}.Release|Any CPU.Build.0 = Release|Any CPU
		{412CD4FA-B1C1-4757-A14D-6661EA08A575}.Debug|Any CPU.ActiveCfg = Debug|Any CPU
		{412CD4FA-B1C1-4757-A14D-6661EA08A575}.Debug|Any CPU.Build.0 = Debug|Any CPU
		{412CD4FA-B1C1-4757-A14D-6661EA08A575}.Debug|Any CPU.Deploy.0 = Debug|Any CPU
		{412CD4FA-B1C1-4757-A14D-6661EA08A575}.Release|Any CPU.ActiveCfg = Release|Any CPU
		{412CD4FA-B1C1-4757-A14D-6661EA08A575}.Release|Any CPU.Build.0 = Release|Any CPU
		{412CD4FA-B1C1-4757-A14D-6661EA08A575}.Release|Any CPU.Deploy.0 = Release|Any CPU
	EndGlobalSection
	GlobalSection(SolutionProperties) = preSolution
		HideSolutionNode = FALSE
	EndGlobalSection
EndGlobal
